
Microsoft Visual Studio Solution File, Format Version 12.00
# Visual Studio Version 16
VisualStudioVersion = 16.0.29920.165
MinimumVisualStudioVersion = 10.0.40219.1
Project("{FAE04EC0-301F-11D3-BF4B-00C04F79EFBC}") = "Framework.Negocio", "FrameWork.Negocio\Framework.Negocio.csproj", "{2BB403E1-3F0F-4678-AB2F-65E411C1C2D2}"
EndProject
Project("{FAE04EC0-301F-11D3-BF4B-00C04F79EFBC}") = "Framework.Vista", "Framework.Vista\Framework.Vista.csproj", "{F3F083DB-38C1-469F-8475-67A9C5311C2B}"
EndProject
Project("{FAE04EC0-301F-11D3-BF4B-00C04F79EFBC}") = "Framework.Datos", "Framework.Datos\Framework.Datos.csproj", "{D347DF04-74AC-4B38-8CD1-91D703E092CF}"
EndProject
Project("{FAE04EC0-301F-11D3-BF4B-00C04F79EFBC}") = "Persistencia", "Persistencia\Persistencia.csproj", "{4DE994D7-837E-4854-915E-C35FF95F0D6B}"
EndProject
Project("{FAE04EC0-301F-11D3-BF4B-00C04F79EFBC}") = "Tools", "Tools\Tools.csproj", "{1BBB18E0-E3D4-43E5-B1F1-9FE3C284A412}"
EndProject
Project("{FAE04EC0-301F-11D3-BF4B-00C04F79EFBC}") = "Entidades", "Entidades\Entidades.csproj", "{FB6513D7-1390-4365-ADEB-68D0B8664E8E}"
EndProject
Global
	GlobalSection(SolutionConfigurationPlatforms) = preSolution
		Debug|Any CPU = Debug|Any CPU
		Release|Any CPU = Release|Any CPU
	EndGlobalSection
	GlobalSection(ProjectConfigurationPlatforms) = postSolution
		{2BB403E1-3F0F-4678-AB2F-65E411C1C2D2}.Debug|Any CPU.ActiveCfg = Debug|Any CPU
		{2BB403E1-3F0F-4678-AB2F-65E411C1C2D2}.Debug|Any CPU.Build.0 = Debug|Any CPU
		{2BB403E1-3F0F-4678-AB2F-65E411C1C2D2}.Release|Any CPU.ActiveCfg = Release|Any CPU
		{2BB403E1-3F0F-4678-AB2F-65E411C1C2D2}.Release|Any CPU.Build.0 = Release|Any CPU
		{F3F083DB-38C1-469F-8475-67A9C5311C2B}.Debug|Any CPU.ActiveCfg = Debug|Any CPU
		{F3F083DB-38C1-469F-8475-67A9C5311C2B}.Debug|Any CPU.Build.0 = Debug|Any CPU
		{F3F083DB-38C1-469F-8475-67A9C5311C2B}.Release|Any CPU.ActiveCfg = Release|Any CPU
		{F3F083DB-38C1-469F-8475-67A9C5311C2B}.Release|Any CPU.Build.0 = Release|Any CPU
		{D347DF04-74AC-4B38-8CD1-91D703E092CF}.Debug|Any CPU.ActiveCfg = Debug|Any CPU
		{D347DF04-74AC-4B38-8CD1-91D703E092CF}.Debug|Any CPU.Build.0 = Debug|Any CPU
		{D347DF04-74AC-4B38-8CD1-91D703E092CF}.Release|Any CPU.ActiveCfg = Release|Any CPU
		{D347DF04-74AC-4B38-8CD1-91D703E092CF}.Release|Any CPU.Build.0 = Release|Any CPU
		{4DE994D7-837E-4854-915E-C35FF95F0D6B}.Debug|Any CPU.ActiveCfg = Debug|Any CPU
		{4DE994D7-837E-4854-915E-C35FF95F0D6B}.Debug|Any CPU.Build.0 = Debug|Any CPU
		{4DE994D7-837E-4854-915E-C35FF95F0D6B}.Release|Any CPU.ActiveCfg = Release|Any CPU
		{4DE994D7-837E-4854-915E-C35FF95F0D6B}.Release|Any CPU.Build.0 = Release|Any CPU
		{1BBB18E0-E3D4-43E5-B1F1-9FE3C284A412}.Debug|Any CPU.ActiveCfg = Debug|Any CPU
		{1BBB18E0-E3D4-43E5-B1F1-9FE3C284A412}.Debug|Any CPU.Build.0 = Debug|Any CPU
		{1BBB18E0-E3D4-43E5-B1F1-9FE3C284A412}.Release|Any CPU.ActiveCfg = Release|Any CPU
		{1BBB18E0-E3D4-43E5-B1F1-9FE3C284A412}.Release|Any CPU.Build.0 = Release|Any CPU
		{FB6513D7-1390-4365-ADEB-68D0B8664E8E}.Debug|Any CPU.ActiveCfg = Debug|Any CPU
		{FB6513D7-1390-4365-ADEB-68D0B8664E8E}.Debug|Any CPU.Build.0 = Debug|Any CPU
		{FB6513D7-1390-4365-ADEB-68D0B8664E8E}.Release|Any CPU.ActiveCfg = Release|Any CPU
		{FB6513D7-1390-4365-ADEB-68D0B8664E8E}.Release|Any CPU.Build.0 = Release|Any CPU
	EndGlobalSection
	GlobalSection(SolutionProperties) = preSolution
		HideSolutionNode = FALSE
	EndGlobalSection
	GlobalSection(ExtensibilityGlobals) = postSolution
		SolutionGuid = {EA5B3E8E-B058-462C-A128-8A6781C47595}
	EndGlobalSection
EndGlobal
